
Microsoft Visual Studio Solution File, Format Version 12.00
# Visual Studio Version 16
VisualStudioVersion = 16.0.31321.278
MinimumVisualStudioVersion = 10.0.40219.1
Project("{9A19103F-16F7-4668-BE54-9A1E7A4F7556}") = "ConsoleApp1", "ConsoleApp1\ConsoleApp1.csproj", "{F65B1E54-B3F8-495E-A7BC-F6480C863618}"
EndProject
Project("{9A19103F-16F7-4668-BE54-9A1E7A4F7556}") = "MyOrganizationApp", "MyOrganizationApp\MyOrganizationApp.csproj", "{5A916C51-5657-4222-A2AB-B29279A24DC6}"
EndProject
Project("{FAE04EC0-301F-11D3-BF4B-00C04F79EFBC}") = "ClassLibrary1", "ClassLibrary1\ClassLibrary1.csproj", "{C7FA87D1-8775-475F-996F-43276FF89481}"
EndProject
Global
	GlobalSection(SolutionConfigurationPlatforms) = preSolution
		Debug|Any CPU = Debug|Any CPU
		Release|Any CPU = Release|Any CPU
	EndGlobalSection
	GlobalSection(ProjectConfigurationPlatforms) = postSolution
		{F65B1E54-B3F8-495E-A7BC-F6480C863618}.Debug|Any CPU.ActiveCfg = Debug|Any CPU
		{F65B1E54-B3F8-495E-A7BC-F6480C863618}.Debug|Any CPU.Build.0 = Debug|Any CPU
		{F65B1E54-B3F8-495E-A7BC-F6480C863618}.Release|Any CPU.ActiveCfg = Release|Any CPU
		{F65B1E54-B3F8-495E-A7BC-F6480C863618}.Release|Any CPU.Build.0 = Release|Any CPU
		{5A916C51-5657-4222-A2AB-B29279A24DC6}.Debug|Any CPU.ActiveCfg = Debug|Any CPU
		{5A916C51-5657-4222-A2AB-B29279A24DC6}.Debug|Any CPU.Build.0 = Debug|Any CPU
		{5A916C51-5657-4222-A2AB-B29279A24DC6}.Release|Any CPU.ActiveCfg = Release|Any CPU
		{5A916C51-5657-4222-A2AB-B29279A24DC6}.Release|Any CPU.Build.0 = Release|Any CPU
		{C7FA87D1-8775-475F-996F-43276FF89481}.Debug|Any CPU.ActiveCfg = Debug|Any CPU
		{C7FA87D1-8775-475F-996F-43276FF89481}.Debug|Any CPU.Build.0 = Debug|Any CPU
		{C7FA87D1-8775-475F-996F-43276FF89481}.Release|Any CPU.ActiveCfg = Release|Any CPU
		{C7FA87D1-8775-475F-996F-43276FF89481}.Release|Any CPU.Build.0 = Release|Any CPU
	EndGlobalSection
	GlobalSection(SolutionProperties) = preSolution
		HideSolutionNode = FALSE
	EndGlobalSection
	GlobalSection(ExtensibilityGlobals) = postSolution
		SolutionGuid = {D67D945B-7FBA-4832-84CE-4D657AE5C8FC}
	EndGlobalSection
EndGlobal
